dcadc3bda67de7b48c0960997a39c877bf3a94a72ed9dee0beaee2862341dc9d  icewm-common_3.7.4-1_arm64.deb
77344eb86537c12e587ecdab118ee2cf130234a06ce5add9209945c0140f4a07  icewm_3.7.4-1_arm64.deb
10270398c4842e71c72b4081fa1761728b3225d6c8dce7c58d5baafe58a5e18f  libbrotli1_1.1.0-2+b7_arm64.deb
3537fe4fc577a60c8a9568873cd577db7ebc135eb8bb1825f18caf8972d9d2f2  libbz2-1.0_1.0.8-6_arm64.deb
576b7a9c2dbdde2b195575fef5718dbdb83ec3727e9a73adf6d275667ef05d2b  libexpat1_2.8.2-1~deb13u1_arm64.deb
872781cf62926b68c34a4302a3caae334ff8d4d83a2b2477f8fb454460aadc99  libfontconfig1_2.15.0-2.3_arm64.deb
0c426e83f1af816b9a4df9056fd2238463d1cd07969ee640965da9fb6ecaf107  libfreetype6_2.13.3+dfsg-1+deb13u1_arm64.deb
5f5bfdf6ef126b0a38f8ebb8751cbbb845fe2cd4e1dd5258d241be243e09897f  libfribidi0_1.0.16-1_arm64.deb
1108bc87879833d6d9a145f22a4a15cddb34e065b4b5f4b97bee586adbac2851  libgcc-s1_14.2.0-19_arm64.deb
048874f2296660a5e925844635f4d050cb054e7d3459cb15b4c30afb113fbecb  libice6_2%3a1.1.1-1_arm64.deb
5c5b00d3f47538611757edc3d7ab3b46815a268c28ec774a5895da2f79928214  libimlib2t64_1.12.4-2_arm64.deb
11096ad43504ca24e8044bcc89e922d932a2812ff25568613b28d22235190ba5  libpng16-16t64_1.6.48-1+deb13u5_arm64.deb
4906619bbec923da6808cb7e4e817a7667d13cd43bc7d98c77702a03bb103f42  libsm6_2%3a1.2.6-1_arm64.deb
6669b0c52a2e7c6af9adfdabce3ff6e286065cdfbc7b85280862b5f799daebee  libstdc++6_14.2.0-19_arm64.deb
85b7d04605f9d423d5699b3c07f027e8380649fd164a51e0712cded0cc56eced  libuuid1_2.41-5_arm64.deb
1eafaa4295e129d6a81e742ab8da43194daa6b916199923c8cef8ad358985894  libx11-xcb1_2%3a1.8.12-1_arm64.deb
e9e871dc5d2f9265eb5d3028f0d0545cb6f8b748a68997b4c43f5a9416c7ead7  libxcb-shm0_1.17.0-2+b1_arm64.deb
0fa60d7733d6354c94cea0b0b8e772a2e317db7040dee4ac84df5d844918a79c  libxcomposite1_1%3a0.4.6-1_arm64.deb
7803f925e0940b720594f47bab4bc55bea1bdf6f2a3216442c78e53a77f4e19a  libxdamage1_1%3a1.1.6-1+b2_arm64.deb
c8053babb508229092aa98e80d9efb58eb157fe92781476edf5be2e21891c368  libxft2_2.3.6-1+b4_arm64.deb
780e97f2d0a3f399eeecd616bbadeb5e4417875f271994dc4eaee7bbf9a2239e  libxinerama1_2%3a1.1.4-3+b4_arm64.deb
209aa5cf671e97b9eb0410844fa6df4cae2e75b0c72e7802ab6c8ece13e6ddef  zlib1g_1%3a1.3.dfsg+really1.3.1-1+b1_arm64.deb
