f60b0577aee314d43d6908ca7f0b8f07dc48e2bb766e7e25035330817e0e827c  adwaita-icon-theme_48.1-1_all.deb
a86824c3f70c8ba4fb8243603208529692c066d9def2f61875cc03414b294bae  at-spi2-common_2.56.2-1+deb13u1_all.deb
ef590f89563aa4b46c8260d49d1cea0fc1b181d19e8df3782694706adf05c184  ca-certificates_20250419_all.deb
4d8423744f34150c6f20959a868bed986fd0e39740a29c48f65c6da60fa2b328  dbus-bin_1.16.2-2_arm64.deb
74650cdf706f6a782f9bb486237c210454a39ebf840e3260492e557013931739  dbus-daemon_1.16.2-2_arm64.deb
98bd27836c7170839ed9c84b00daad9ed7155bd3d42e3f0ec3faf497aafa5f5f  dbus-session-bus-common_1.16.2-2_all.deb
262e9ec8aae4e38bfa341648f9498b29280a81458601e1c265a36a24771d120a  dbus-system-bus-common_1.16.2-2_all.deb
765c63b00e0054a2ec1e599b14eda13e3a7902c652be3482dda037b8de15cc17  dbus-user-session_1.16.2-2_arm64.deb
984e4c740ecd258e862eae9d0aed11ff75f83eff60b95ab27cb6c9a7dd0028c1  dbus_1.16.2-2_arm64.deb
6ba9fcaa892934c9cfc601aeca15cfbac9751cb1377c541b1b0e098ab587a31d  dconf-gsettings-backend_0.40.0-5_arm64.deb
da9d81b0cd090e3933367a9be7562f13edebc9fd06f6f631c9e41fbc0a082fc3  dconf-service_0.40.0-5_arm64.deb
10f643f467b51cf25fc18d1945bc61246dd8d8d1fe6bc712a2b1712c74ebc4d6  fontconfig-config_2.15.0-2.3_arm64.deb
f899e800435bc3bd3ecc6139bfcb2b45b3dbd2ffa59c4b9b3cc246e9661052af  fontconfig_2.15.0-2.3_arm64.deb
3d5c47480067b9615f6bf9b0eda6eefcab9d837af609827015445e8e759b5b8c  fonts-liberation_1%3a2.1.5-3_all.deb
23f5d27be6ad6f5d69c1c11b602d4ed25a8499cfdfa11c3ca479ad0b58285499  google-chrome-stable_151.0.7922.108-1_arm64.deb
d9e2b540055509d2159d07acadb179a6c7edc4d20d8228188fa095bcb1bc7e14  gtk-update-icon-cache_4.18.6+ds-2_arm64.deb
d91fef83a186d3fc9fff293bfd7da4f684f736d15459d258a5a0d251168c1a35  hicolor-icon-theme_0.18-2_all.deb
6e5ec85de21bd5f489327e6d2c85c2825e82ff6f4581dc936704d022a1f164af  libapparmor1_4.1.0-1_arm64.deb
fe973f6467a6fc553ead004bd5aebfea4eb45c5da827cd3fb32650d9672ac947  libasound2-data_1.2.14-1_all.deb
b89f299d77281df9984795701c915c92e736ca3840fb552604a305d1e9813a4a  libasound2t64_1.2.14-1_arm64.deb
78908a4392e2c3ad7dfd696be2881e837aaa4fdc2162c8f257215b2b353fabf7  libatk-bridge2.0-0t64_2.56.2-1+deb13u1_arm64.deb
b8b5039a490c735fc888f6551bfa2f12d69f54af4ed6a9d4a4f7532f81b1500d  libatk1.0-0t64_2.56.2-1+deb13u1_arm64.deb
7ccff90234484bf21ae5ecb79d25b6a84b2f4038f65dd139085b2e3a937cd8dc  libatomic1_14.2.0-19_arm64.deb
f1e6a76b7bb8c5a93330f8e90a7f3b73cfa33e75eb389bf2f29c485a02e87473  libatspi2.0-0t64_2.56.2-1+deb13u1_arm64.deb
aad7c1a4f0e8b9131881ebdd61150bb9e15f11534aafe4877e61fefc266f1586  libavahi-client3_0.8-16_arm64.deb
75d80488f931f6cc577aaf366b1a17099bd4d0c179dfd33d014f564094255da9  libavahi-common-data_0.8-16_arm64.deb
495d3502dbaed9e71c54cd0030fd135d62140b7c780620cc14a0a8a615adda14  libavahi-common3_0.8-16_arm64.deb
ee91c24cc227ed977c39d746d09532d357e66f147bd670be6cb69e2c3435cf76  libblkid1_2.41-5_arm64.deb
10270398c4842e71c72b4081fa1761728b3225d6c8dce7c58d5baafe58a5e18f  libbrotli1_1.1.0-2+b7_arm64.deb
3537fe4fc577a60c8a9568873cd577db7ebc135eb8bb1825f18caf8972d9d2f2  libbz2-1.0_1.0.8-6_arm64.deb
470185fcc3aa8e3fea4e0108bc842ce9179918da44d4d0cf7d67598d3470fd1a  libcairo-gobject2_1.18.4-1+b1_arm64.deb
de0e190f4566b51942387fb84fe85f064d23da896b8e2080930d53879a11630d  libcairo2_1.18.4-1+b1_arm64.deb
c9a77aa670c9ca163c624a00e55c4419df40b770fe516010dc495c04a16c80b0  libcap2_1%3a2.75-10+deb13u1+b1_arm64.deb
ee5b472cdf4c7d40ef0ff5b120d9d1407ace49dc3fbf61f8a88edf5c802d1466  libcloudproviders0_0.3.6-2_arm64.deb
409ea712ced2cdaed5775ff2179a1f414fb5de79f645c305bbea8f9b40e727dc  libcolord2_1.4.7-3_arm64.deb
99aececea45aa2dcbd8689acd71c43f9c964be43f73b1dfeabcd51ef791f1e8a  libcom-err2_1.47.2-3+b11_arm64.deb
7ab4a1f78863f9f4c9fab7e56633e84932c94fb835c8f9e83062988be53e5b5d  libcups2t64_2.4.10-3+deb13u2_arm64.deb
ac6e47bea2aaecd61e789c95595ff20f63f3767a30748db010077ee32e209f7b  libcurl3t64-gnutls_8.14.1-2+deb13u4_arm64.deb
d513d0602836c4df782c15dc9472c17ab5a815343aabc9ebe7dc9604c0acfaa0  libdatrie1_0.2.13-3+b1_arm64.deb
ca6bb5f2047ad58d274cb7d14216035a07d8e5aae6f6a0122c4f6293c9c39515  libdbus-1-3_1.16.2-2_arm64.deb
ff0a3e38b2fb4b96f209a3ae75714cb14e0df14a26a1aded11f5afb87d0eaef9  libdconf1_0.40.0-5_arm64.deb
ddd23094f9608f2ff9ea2256df2e917e315524371a6a82cb9daa921557c5a595  libdeflate0_1.23-2_arm64.deb
e36c72774cc215818b48ee2174c7ad1d9a2bf89a09cdee7a7a128d288d8eef43  libdrm-amdgpu1_2.4.124-2_arm64.deb
9a8a6c65c165e9964f106fb4ac710959b5d33e0790227e3ab6b27c4742d1254a  libdrm-common_2.4.124-2_all.deb
b535506630bb6a9a616bc07caf3b29915f980d8c3437852fb96ea64fb1a8a3f8  libdrm2_2.4.124-2_arm64.deb
496c31df89fac9cb7e98102fcc21daf887376dcd9914f6322c86dd5bd4360ff1  libedit2_3.1-20250104-1_arm64.deb
815b4265c7d6c89c5bbad456bdeed7af893da6912c9d16cf4c581001927c0e37  libelf1t64_0.192-4_arm64.deb
905fbc7fb73bd620a10c1c02118bb760d42826a7212bfddadcda9d10d5a23d81  libepoxy0_1.5.10-2_arm64.deb
576b7a9c2dbdde2b195575fef5718dbdb83ec3727e9a73adf6d275667ef05d2b  libexpat1_2.8.2-1~deb13u1_arm64.deb
d84a783b818f2386627604e64b793eb4ac5bb9ea1ba321a194a1c9c82fe09a01  libffi8_3.4.8-2_arm64.deb
872781cf62926b68c34a4302a3caae334ff8d4d83a2b2477f8fb454460aadc99  libfontconfig1_2.15.0-2.3_arm64.deb
0c426e83f1af816b9a4df9056fd2238463d1cd07969ee640965da9fb6ecaf107  libfreetype6_2.13.3+dfsg-1+deb13u1_arm64.deb
5f5bfdf6ef126b0a38f8ebb8751cbbb845fe2cd4e1dd5258d241be243e09897f  libfribidi0_1.0.16-1_arm64.deb
2beb8d20ca715a01b7b2352c1167c0d7097c9d8a486704a9a966f95d4077cdfc  libgbm1_25.0.7-2+deb13u1_arm64.deb
1108bc87879833d6d9a145f22a4a15cddb34e065b4b5f4b97bee586adbac2851  libgcc-s1_14.2.0-19_arm64.deb
2090d2ee768d27c3bfad89d34b6915453d3034fa778d4bf15f5144a3fb4a0c78  libgdk-pixbuf-2.0-0_2.42.12+dfsg-4+deb13u1_arm64.deb
9f0c64e33cf5bb3226a5a6ddf630dd76530596e476e6b47a8b27da444ff43a03  libgdk-pixbuf2.0-common_2.42.12+dfsg-4+deb13u1_all.deb
97d54c95f7e190cc21cc6a94e3e9654c5fac6e7b86db33ca6ff00feae60bced4  libglib2.0-0t64_2.84.4-3~deb13u3_arm64.deb
a27bbc27f119161ea9702c8dd66f54131cdf0d2ca73000f50ea91ef2fdfef0fb  libgmp10_2%3a6.3.0+dfsg-3_arm64.deb
337ef41ab360015d051d6a07f85f8aa6706b35712e3dea23157eba9c902196e2  libgnutls30t64_3.8.9-3+deb13u4_arm64.deb
b0c3414b113de62be1dc28fa2c899ac0856256e2f094d92c36c3275a5053311a  libgraphite2-3_1.3.14-2+deb13u1_arm64.deb
70803e8f5b9dd0a7167671bdd0b3cd05642384c1fc49e8270d340d85bf6c7d4c  libgssapi-krb5-2_1.21.3-5+deb13u1_arm64.deb
84f5dfbeadf9fc8c1e12f18a2010b1cce45481aba5c3db427d98d6601d95ec82  libgtk-3-0t64_3.24.49-3_arm64.deb
9161bd6b9933384073ac5bacd6a3bb1e2998877a605411d73041fb0b7fadd605  libgtk-3-common_3.24.49-3_all.deb
3ff928f981b54b491ee12e4cf68558cc5d61c652bdab276cd4c4c3fbbcee16ca  libharfbuzz0b_10.2.0-1+deb13u1_arm64.deb
cb92d5a51c4fd6c7b7cbb62aaa60c7af830d0bea5b410fb1f47ee685e26944d1  libhogweed6t64_3.10.1-1_arm64.deb
d2e5cef812f15db1eeb35f0a193158ee102a9e94284036c0e293521f2761d2d7  libidn2-0_2.3.8-2_arm64.deb
dbecef09dbafd82ff6444aa1cb45053b6331985b20ab2590eff052d7d6b1bb18  libjbig0_2.1-6.1+b2_arm64.deb
e4989073bb0bac8a6ec043c7adb80e1dfe601d8552233da48bb24ab45d1a1d4a  libjpeg62-turbo_1%3a2.1.5-4_arm64.deb
2453e8d4fa3b91b868d5bc10e84a15ad9c7bc4e4cb49379cb1f560bdce50db4a  libk5crypto3_1.21.3-5+deb13u1_arm64.deb
5e680f317a6613161986417fb3ed63007c9228343f5ac2348551b103cc7fd7b4  libkeyutils1_1.6.3-6_arm64.deb
1f5c46480abf894f662d894696c8a6c6510c2b20616cd453e88b27b11d3be25d  libkrb5-3_1.21.3-5+deb13u1_arm64.deb
6381bcb54e58854f9ebac2dfa580c3d6112d01b4ca3f725e7263b9374f79608e  libkrb5support0_1.21.3-5+deb13u1_arm64.deb
6636997fc488327a8d0951a038df6e5178a52b3f5e5cc2386d42655621f5672d  liblcms2-2_2.16-2+deb13u2_arm64.deb
38fae6af20d41e4b0a8ea1b96d0b81a7a5551a61595bc866c9af870eadfdf1bd  libldap2_2.6.10+dfsg-1_arm64.deb
db015dc1888371e490594f8aaaaa55356313478d744fa69e242e034e4c2a0019  liblerc4_4.0.0+ds-5_arm64.deb
8a48e1a49f7fcc3be74e697767d72902f4b03041401d1529bcfad1849df39148  libllvm19_1%3a19.1.7-3+b1_arm64.deb
6a7b98005f84fc26d66a45e432f70d0793646a734f8c44cd1626b3ffa8edd7c6  liblzma5_5.8.1-1+deb13u1_arm64.deb
2e791f8faf7bbbc94d354cf7b6c3728dc303b7aa327dfe7a2aa6954320977c8f  libmount1_2.41-5_arm64.deb
72121aeb08be2d915da321ddfae74f62a0764286f336279b2c2609ba07496d6d  libncursesw6_6.5+20250216-2_arm64.deb
16107ce5a7b522da021fa8aba42d42af9c5e90ddabfcda3710aff6ea95808ee0  libnettle8t64_3.10.1-1_arm64.deb
ca222b98d5bef2193c05a1e736d0619798ba7a8f8e92526f3e1d06edcd0bf751  libnghttp2-14_1.64.0-1.1+deb13u1_arm64.deb
26bfb8d1bead043f57d95663bab02f7611e7078fb7cf71383fa480c4b4c24d81  libnghttp3-9_1.8.0-1_arm64.deb
1ced2874229e4a503060c244730baf75e61b1d5444472b10e5022f1594f4ab88  libngtcp2-16_1.11.0-1+deb13u1_arm64.deb
4a220245385ec7222f4a20e444532808b90139b70ea9c7eeab179c927a27b37f  libngtcp2-crypto-gnutls8_1.11.0-1+deb13u1_arm64.deb
b8cd0221e4c35a77ec6e3b89959ca96deb75919a3c55b6735ca0288a1b61bdbb  libnspr4_2%3a4.36-1_arm64.deb
1a9f35c238e8bbb570fbdae88ffe43a3cf3462e1582cbe0903a9aa949e61f3e8  libnss3_2%3a3.110-1+deb13u4_arm64.deb
78bfc746e68a5217e845f488f69100ed89d10c8886fbd3ffce937acb6a7d88fb  libp11-kit0_0.25.5-3_arm64.deb
05bc0f7e21e896299aae22ea45075185cea0fb25574218a0ad9235f93029b823  libpam-systemd_257.13-1~deb13u1_arm64.deb
5c5c6061afdff84a76418c9c2cf8bd4f3b6174aa7bf39ddf58bfa7702a59d3f2  libpango-1.0-0_1.56.3-1_arm64.deb
1bb68c8dfa0f829cf9834a2dec4af49f82a8dd211e3a9c1fa0446b3f32fa6991  libpangocairo-1.0-0_1.56.3-1_arm64.deb
f0e32d579c7b40dee0ed43355dd832857cf5d477cfb50b0bda56097eca8a81c0  libpangoft2-1.0-0_1.56.3-1_arm64.deb
f74d3e1082c2d6d2f7b4d47e41070de4a7e2f7f9d0e6e0c901ebfe0e82cdd3ee  libpcre2-8-0_10.46-1~deb13u1_arm64.deb
b502cd8b1ece222f42b44c42c33a300d84152c20089660167b9422ad2ebb6132  libpixman-1-0_0.44.0-3_arm64.deb
11096ad43504ca24e8044bcc89e922d932a2812ff25568613b28d22235190ba5  libpng16-16t64_1.6.48-1+deb13u5_arm64.deb
e81069b58fe82223c71fcd74c760cb0fd3b0e61792fbaf2e5675fd948dc16dba  libproc2-0_2%3a4.0.4-9_arm64.deb
7ea03d8a7d16edce7b1b1e94980c058c0f1fb3c595eb9154b0e8590d0e7f75af  libpsl5t64_0.21.2-1.1+b1_arm64.deb
20d52d20c4834158e956ae8e1d42a61d22330062052116d5422daa2d3b1d433b  librtmp1_2.4+20151223.gitfa8646d.1-2+b5_arm64.deb
6431628c62524c8397255c1c4a7c7ef63661b801f3be9a59ad41e7a2e46e6210  libsasl2-2_2.1.28+dfsg1-9_arm64.deb
ed6eb05f8ded71ab16a0369845805b373fc8a71c0e7d33f73fa2fb11e83a1977  libsasl2-modules-db_2.1.28+dfsg1-9_arm64.deb
fc13da4c7783b8f4361d92ef1045931f298d1b0ac78ed1a85c2232615f49fc6f  libselinux1_3.8.1-1_arm64.deb
3056da80c7d963af795dab480ab6f6f4b154ad4ac39f522dc52d17c834fea253  libsensors-config_1%3a3.6.2-2_all.deb
7469f1ccce8afdba33d3b11847d0ecdf2221805a0694dee21ee4d622e8f72145  libsensors5_1%3a3.6.2-2_arm64.deb
5a37f40f806df4b67a2bdaa750add7a9ff29abd3119a8ceac773b886cbf3d9f9  libsharpyuv0_1.5.0-0.1_arm64.deb
69dd4b705eca29fe134c17f18aaa4cc9e7ecd01c0250d5e195358801514c76ac  libsqlite3-0_3.46.1-7+deb13u1_arm64.deb
600c2a845d6d14d292c765382bc7e644898762e1634a4aecf5b85329622dbbfe  libssh2-1t64_1.11.1-1+deb13u1_arm64.deb
6669b0c52a2e7c6af9adfdabce3ff6e286065cdfbc7b85280862b5f799daebee  libstdc++6_14.2.0-19_arm64.deb
b48df445566ff6c39395c9fc571524c9e03803bc2e434d7869fc21e723c64b4d  libsystemd-shared_257.13-1~deb13u1_arm64.deb
d2f63c408549c29eaefb6f4c948393edce99f45ee8e43c991391bef63fb7d54b  libsystemd0_257.13-1~deb13u1_arm64.deb
e421da949cd26245f24c594265d6a01900b5e060e80793f68b977f7bfaa009ef  libtasn1-6_4.20.0-2+deb13u1_arm64.deb
fd38d40602834d510a29140bd27fd48485105e834f03dccab1c02e2edaa794dd  libthai-data_0.1.29-2_all.deb
4ea5b9d09449023a30e4d5237b8a69e19d6b3e576e36570818c87a093e2b5eec  libthai0_0.1.29-2+b1_arm64.deb
208e9fdc14ed88a30f31fdfb993d1e8ab19f9ab29f3cd8546ffb4ea3f74f5a3f  libtiff6_4.7.0-3+deb13u3_arm64.deb
459b1c9c17cc3c586e90d13d2a991715d498c6eed6c046cabf321021167bc380  libudev1_257.13-1~deb13u1_arm64.deb
4847467a0e47039837895e88f5a99a4a86a3d8266be40c3c896fc7c10d552dc7  libunistring5_1.3-2_arm64.deb
f5f576d8b9e5703702a9f3254c8c5d130bef17da9db4aecd46ba86cec7a08930  libvulkan1_1.4.309.0-1_arm64.deb
8abdc649e46470548c545f827e16f52e1bc16d05d4a3794e6dedb2d74ce58c9a  libwayland-client0_1.23.1-3_arm64.deb
824c1ca46458530a670bfd003f1c083e66e395e1800c294a22af38641ccdc11a  libwayland-cursor0_1.23.1-3_arm64.deb
fe01fb2f3c5d5b54784563d9826fa505fab61dc30333d71343352bddd3812b18  libwayland-egl1_1.23.1-3_arm64.deb
062702d57cf07b42ab7f0fa1aac8bc3f605eb47f2f0b9ecb1614674140d79f1b  libwayland-server0_1.23.1-3_arm64.deb
d5ebdb920770ee135c4e319babb2bcef61e9f37283a37a8cb4e673769dd0d676  libwebp7_1.5.0-0.1_arm64.deb
646f2d3f2165c8eebceb7f4aaca31e97a818bb11a045964833a9f764b738bac2  libx11-6_2%3a1.8.12-1_arm64.deb
c54f87069888f80ba4da586da6147d74c7598ccdd8b90906dbc4271fa414c738  libx11-data_2%3a1.8.12-1_all.deb
1eafaa4295e129d6a81e742ab8da43194daa6b916199923c8cef8ad358985894  libx11-xcb1_2%3a1.8.12-1_arm64.deb
ac1061728670f4626adaa1288953a0e6fb801c9cae72ee1c3231e63e2609d23a  libxau6_1%3a1.0.11-1_arm64.deb
247bf758dd78d6c285fdd47942ddacf4a3189fd50de4f0891c9bd9aea12da3a1  libxcb-dri3-0_1.17.0-2+b1_arm64.deb
73521d715554a2230901d1d480465d6358b3083a5ce8801639595ffde6f31441  libxcb-present0_1.17.0-2+b1_arm64.deb
dbeb78d1d032959fe65548758ab12bfc6bb5919ec2984c3d871496b52aef929a  libxcb-randr0_1.17.0-2+b1_arm64.deb
7d6faf0afad0b27a047bbf320bf80999e94b7e6a0f73e42069e8b08958910466  libxcb-render0_1.17.0-2+b1_arm64.deb
e9e871dc5d2f9265eb5d3028f0d0545cb6f8b748a68997b4c43f5a9416c7ead7  libxcb-shm0_1.17.0-2+b1_arm64.deb
eb428ac77daac9e5eea8a4e9ba48d1d78cc8ca400e415c8e4628cc729c6f4749  libxcb-sync1_1.17.0-2+b1_arm64.deb
19cdb8502827bc010993e69eaba09c670024976f7edd35b2b504bd646b141b0a  libxcb-xfixes0_1.17.0-2+b1_arm64.deb
d0178198e80ed4cacdececabe2c112ec88c7a9258cc11a55b8e267ab14a90d82  libxcb1_1.17.0-2+b1_arm64.deb
0fa60d7733d6354c94cea0b0b8e772a2e317db7040dee4ac84df5d844918a79c  libxcomposite1_1%3a0.4.6-1_arm64.deb
76d13a27c444f88c44cf50e209e8f9dc5088da330680bd35f6eba0430662a4b5  libxcursor1_1%3a1.2.3-1_arm64.deb
7803f925e0940b720594f47bab4bc55bea1bdf6f2a3216442c78e53a77f4e19a  libxdamage1_1%3a1.1.6-1+b2_arm64.deb
e10bbb0802181992ecf091e9425171850eee16068729c109214ba4924f81fb52  libxdmcp6_1%3a1.1.5-1_arm64.deb
27cf208c6d2924b22ed3b9ceff304b992e1f07ef7b0ef00239585595581dac99  libxext6_2%3a1.3.4-1+b3_arm64.deb
d29134cbb9230a50ba1d097743d4d4fcf7826c6b48a2d8a303a0e3fc20b837e6  libxfixes3_1%3a6.0.0-2+b4_arm64.deb
b7148d371c908fa81bf45153fdcb3e7d178fe11e15f9907e29ce6e9ed9aaad24  libxi6_2%3a1.8.2-1_arm64.deb
780e97f2d0a3f399eeecd616bbadeb5e4417875f271994dc4eaee7bbf9a2239e  libxinerama1_2%3a1.1.4-3+b4_arm64.deb
866888d3cfeb32388dd88a2615c4f78ebf8dd7b272821a83494cba260d8fa7d1  libxkbcommon0_1.7.0-2_arm64.deb
a66b9c960acef8ed9653223cbd00b155a92ebb758ea13a788c41609246c23bc7  libxml2_2.12.7+dfsg+really2.9.14-2.1+deb13u3_arm64.deb
607a23d6d2cb920e000b24870531a86821cf4e141a4eb0bf38212b47b892d597  libxrandr2_2%3a1.5.4-1+b3_arm64.deb
28396c96e460288d5851913121b053609f7ff34f996d78d7a38c1d2b6ab9f006  libxrender1_1%3a0.9.12-1_arm64.deb
34b494c83cebcf138d1f87c2cbdd5ee8efe9da2befbd69c2a025b0e214c64d2d  libxshmfence1_1.3.3-1_arm64.deb
29a7b924a5a38c9ac4e2a64aa11586a9c54f26b579b18e4f75adf8f7c1106e45  libz3-4_4.13.3-1_arm64.deb
924540bd59fdbfa77a0604360efdaca54411a43daf11c7e002a3c64791b67448  libzstd1_1.5.7+dfsg-1_arm64.deb
a27576030704ff305adaef8bd143954b281680861d5bfe21aabd7d376a939149  mesa-libgallium_25.0.7-2+deb13u1_arm64.deb
1ee735e2480519bd1fd5f6576a879243bc81b9773059e1fa1ec8b8943c84e77c  openssl_3.5.6-1~deb13u2_arm64.deb
9afd4ad2e8da92322715114fb9555c63ce92f6c72bf72867e76ab2d6a7a3b541  procps_2%3a4.0.4-9_arm64.deb
a68086d0fdffc32fa05b1768f67b83d06344b026a855e29daa7ff02d64deec59  shared-mime-info_2.4-5+b2_arm64.deb
af3c883fabc97850c7afe9489a9e1808b4db2d9cfdc4dc1639da9e1b0356c97b  systemd-sysv_257.13-1~deb13u1_arm64.deb
dcc3ba37f0488ecd513820035b4efc300e198849f5b6437a9bac9c2f307149ab  systemd_257.13-1~deb13u1_arm64.deb
b5232cda342e4b6d6f5ebf309d4b1639e722837dd9fa0574997029302288c43b  wget_1.25.0-2_arm64.deb
01dd31db093f1e810824519200112ec3fd447ba0341f7213244525eaa289355e  xdg-utils_1.2.1-2_all.deb
196ff18533382f64e057ea49df2bb486bd4275a4cc0917361edb560b8756dada  xkb-data_2.42-1_all.deb
209aa5cf671e97b9eb0410844fa6df4cae2e75b0c72e7802ab6c8ece13e6ddef  zlib1g_1%3a1.3.dfsg+really1.3.1-1+b1_arm64.deb
